
Microsoft Visual Studio Solution File, Format Version 12.00
# Visual Studio Version 16
VisualStudioVersion = 16.0.31205.134
MinimumVisualStudioVersion = 10.0.40219.1
Project("{9A19103F-16F7-4668-BE54-9A1E7A4F7556}") = "PaymentGateway.API", "BuildingAPaymentGateway\PaymentGateway.API.csproj", "{0072C6D9-4032-415F-AE21-64494D234B77}"
EndProject
Project("{FAE04EC0-301F-11D3-BF4B-00C04F79EFBC}") = "PaymentGateway.Tests", "BuildingAPaymentGateway.Tests\PaymentGateway.Tests.csproj", "{BF6BBA74-67EA-48E7-BDBE-AD42A19D13A8}"
EndProject
Global
	GlobalSection(SolutionConfigurationPlatforms) = preSolution
		Debug|Any CPU = Debug|Any CPU
		Release|Any CPU = Release|Any CPU
	EndGlobalSection
	GlobalSection(ProjectConfigurationPlatforms) = postSolution
		{0072C6D9-4032-415F-AE21-64494D234B77}.Debug|Any CPU.ActiveCfg = Debug|Any CPU
		{0072C6D9-4032-415F-AE21-64494D234B77}.Debug|Any CPU.Build.0 = Debug|Any CPU
		{0072C6D9-4032-415F-AE21-64494D234B77}.Release|Any CPU.ActiveCfg = Release|Any CPU
		{0072C6D9-4032-415F-AE21-64494D234B77}.Release|Any CPU.Build.0 = Release|Any CPU
		{BF6BBA74-67EA-48E7-BDBE-AD42A19D13A8}.Debug|Any CPU.ActiveCfg = Debug|Any CPU
		{BF6BBA74-67EA-48E7-BDBE-AD42A19D13A8}.Debug|Any CPU.Build.0 = Debug|Any CPU
		{BF6BBA74-67EA-48E7-BDBE-AD42A19D13A8}.Release|Any CPU.ActiveCfg = Release|Any CPU
		{BF6BBA74-67EA-48E7-BDBE-AD42A19D13A8}.Release|Any CPU.Build.0 = Release|Any CPU
	EndGlobalSection
	GlobalSection(SolutionProperties) = preSolution
		HideSolutionNode = FALSE
	EndGlobalSection
	GlobalSection(ExtensibilityGlobals) = postSolution
		SolutionGuid = {C23CB6A7-A080-454A-9605-21DE6D9448E0}
	EndGlobalSection
EndGlobal
